
Microsoft Visual Studio Solution File, Format Version 12.00
# Visual Studio 15
VisualStudioVersion = 15.0.26228.4
MinimumVisualStudioVersion = 10.0.40219.1
Project("{8BC9CEB8-8B4A-11D0-8D11-00A0C91BC942}") = "VIFEngine", "VIFEngine\VIFEngine.vcxproj", "{99F786EF-3555-46DE-B3E0-050788D729C4}"
	ProjectSection(ProjectDependencies) = postProject
		{5414B82E-B1E8-4164-923A-C50D04AC4DD5} = {5414B82E-B1E8-4164-923A-C50D04AC4DD5}
		{BF4F623F-C9B2-49BA-8707-3CCB73B3AB18} = {BF4F623F-C9B2-49BA-8707-3CCB73B3AB18}
	EndProjectSection
EndProject
Project("{8BC9CEB8-8B4A-11D0-8D11-00A0C91BC942}") = "MainFramework", "MainFramework\MainFramework.vcxproj", "{BF4F623F-C9B2-49BA-8707-3CCB73B3AB18}"
	ProjectSection(ProjectDependencies) = postProject
		{5414B82E-B1E8-4164-923A-C50D04AC4DD5} = {5414B82E-B1E8-4164-923A-C50D04AC4DD5}
	EndProjectSection
EndProject
Project("{8BC9CEB8-8B4A-11D0-8D11-00A0C91BC942}") = "Base", "Base\Base.vcxproj", "{5414B82E-B1E8-4164-923A-C50D04AC4DD5}"
EndProject
Project("{8BC9CEB8-8B4A-11D0-8D11-00A0C91BC942}") = "WindowFramework", "WindowFramework\WindowFramework.vcxproj", "{11C44211-45B0-45B3-8F70-9EB802FE2DF1}"
	ProjectSection(ProjectDependencies) = postProject
		{5414B82E-B1E8-4164-923A-C50D04AC4DD5} = {5414B82E-B1E8-4164-923A-C50D04AC4DD5}
	EndProjectSection
EndProject
Project("{8BC9CEB8-8B4A-11D0-8D11-00A0C91BC942}") = "Renderer", "Renderer\Renderer.vcxproj", "{099D1FA8-BB01-4924-AE0B-B5CB6E306D1A}"
	ProjectSection(ProjectDependencies) = postProject
		{5414B82E-B1E8-4164-923A-C50D04AC4DD5} = {5414B82E-B1E8-4164-923A-C50D04AC4DD5}
		{09EE2C35-A443-4711-B9B1-46610A238874} = {09EE2C35-A443-4711-B9B1-46610A238874}
	EndProjectSection
EndProject
Project("{8BC9CEB8-8B4A-11D0-8D11-00A0C91BC942}") = "Tests", "Tests\Tests.vcxproj", "{A66E47A9-FDB7-4383-8136-9C3CFB193C36}"
	ProjectSection(ProjectDependencies) = postProject
		{11C44211-45B0-45B3-8F70-9EB802FE2DF1} = {11C44211-45B0-45B3-8F70-9EB802FE2DF1}
		{5414B82E-B1E8-4164-923A-C50D04AC4DD5} = {5414B82E-B1E8-4164-923A-C50D04AC4DD5}
		{099D1FA8-BB01-4924-AE0B-B5CB6E306D1A} = {099D1FA8-BB01-4924-AE0B-B5CB6E306D1A}
	EndProjectSection
EndProject
Project("{8BC9CEB8-8B4A-11D0-8D11-00A0C91BC942}") = "Resources", "Resources\Resources.vcxproj", "{09EE2C35-A443-4711-B9B1-46610A238874}"
EndProject
Global
	GlobalSection(SolutionConfigurationPlatforms) = preSolution
		Debug|x64 = Debug|x64
		Debug|x86 = Debug|x86
		Release|x64 = Release|x64
		Release|x86 = Release|x86
	EndGlobalSection
	GlobalSection(ProjectConfigurationPlatforms) = postSolution
		{99F786EF-3555-46DE-B3E0-050788D729C4}.Debug|x64.ActiveCfg = Debug|x64
		{99F786EF-3555-46DE-B3E0-050788D729C4}.Debug|x64.Build.0 = Debug|x64
		{99F786EF-3555-46DE-B3E0-050788D729C4}.Debug|x86.ActiveCfg = Debug|Win32
		{99F786EF-3555-46DE-B3E0-050788D729C4}.Debug|x86.Build.0 = Debug|Win32
		{99F786EF-3555-46DE-B3E0-050788D729C4}.Release|x64.ActiveCfg = Release|x64
		{99F786EF-3555-46DE-B3E0-050788D729C4}.Release|x64.Build.0 = Release|x64
		{99F786EF-3555-46DE-B3E0-050788D729C4}.Release|x86.ActiveCfg = Release|Win32
		{99F786EF-3555-46DE-B3E0-050788D729C4}.Release|x86.Build.0 = Release|Win32
		{BF4F623F-C9B2-49BA-8707-3CCB73B3AB18}.Debug|x64.ActiveCfg = Debug|x64
		{BF4F623F-C9B2-49BA-8707-3CCB73B3AB18}.Debug|x64.Build.0 = Debug|x64
		{BF4F623F-C9B2-49BA-8707-3CCB73B3AB18}.Debug|x86.ActiveCfg = Debug|Win32
		{BF4F623F-C9B2-49BA-8707-3CCB73B3AB18}.Debug|x86.Build.0 = Debug|Win32
		{BF4F623F-C9B2-49BA-8707-3CCB73B3AB18}.Release|x64.ActiveCfg = Release|x64
		{BF4F623F-C9B2-49BA-8707-3CCB73B3AB18}.Release|x64.Build.0 = Release|x64
		{BF4F623F-C9B2-49BA-8707-3CCB73B3AB18}.Release|x86.ActiveCfg = Release|Win32
		{BF4F623F-C9B2-49BA-8707-3CCB73B3AB18}.Release|x86.Build.0 = Release|Win32
		{5414B82E-B1E8-4164-923A-C50D04AC4DD5}.Debug|x64.ActiveCfg = Debug|x64
		{5414B82E-B1E8-4164-923A-C50D04AC4DD5}.Debug|x64.Build.0 = Debug|x64
		{5414B82E-B1E8-4164-923A-C50D04AC4DD5}.Debug|x86.ActiveCfg = Debug|Win32
		{5414B82E-B1E8-4164-923A-C50D04AC4DD5}.Debug|x86.Build.0 = Debug|Win32
		{5414B82E-B1E8-4164-923A-C50D04AC4DD5}.Release|x64.ActiveCfg = Release|x64
		{5414B82E-B1E8-4164-923A-C50D04AC4DD5}.Release|x64.Build.0 = Release|x64
		{5414B82E-B1E8-4164-923A-C50D04AC4DD5}.Release|x86.ActiveCfg = Release|Win32
		{5414B82E-B1E8-4164-923A-C50D04AC4DD5}.Release|x86.Build.0 = Release|Win32
		{11C44211-45B0-45B3-8F70-9EB802FE2DF1}.Debug|x64.ActiveCfg = Debug|x64
		{11C44211-45B0-45B3-8F70-9EB802FE2DF1}.Debug|x64.Build.0 = Debug|x64
		{11C44211-45B0-45B3-8F70-9EB802FE2DF1}.Debug|x86.ActiveCfg = Debug|Win32
		{11C44211-45B0-45B3-8F70-9EB802FE2DF1}.Debug|x86.Build.0 = Debug|Win32
		{11C44211-45B0-45B3-8F70-9EB802FE2DF1}.Release|x64.ActiveCfg = Release|x64
		{11C44211-45B0-45B3-8F70-9EB802FE2DF1}.Release|x64.Build.0 = Release|x64
		{11C44211-45B0-45B3-8F70-9EB802FE2DF1}.Release|x86.ActiveCfg = Release|Win32
		{11C44211-45B0-45B3-8F70-9EB802FE2DF1}.Release|x86.Build.0 = Release|Win32
		{099D1FA8-BB01-4924-AE0B-B5CB6E306D1A}.Debug|x64.ActiveCfg = Debug|x64
		{099D1FA8-BB01-4924-AE0B-B5CB6E306D1A}.Debug|x64.Build.0 = Debug|x64
		{099D1FA8-BB01-4924-AE0B-B5CB6E306D1A}.Debug|x86.ActiveCfg = Debug|Win32
		{099D1FA8-BB01-4924-AE0B-B5CB6E306D1A}.Debug|x86.Build.0 = Debug|Win32
		{099D1FA8-BB01-4924-AE0B-B5CB6E306D1A}.Release|x64.ActiveCfg = Release|x64
		{099D1FA8-BB01-4924-AE0B-B5CB6E306D1A}.Release|x64.Build.0 = Release|x64
		{099D1FA8-BB01-4924-AE0B-B5CB6E306D1A}.Release|x86.ActiveCfg = Release|Win32
		{099D1FA8-BB01-4924-AE0B-B5CB6E306D1A}.Release|x86.Build.0 = Release|Win32
		{A66E47A9-FDB7-4383-8136-9C3CFB193C36}.Debug|x64.ActiveCfg = Debug|x64
		{A66E47A9-FDB7-4383-8136-9C3CFB193C36}.Debug|x64.Build.0 = Debug|x64
		{A66E47A9-FDB7-4383-8136-9C3CFB193C36}.Debug|x86.ActiveCfg = Debug|Win32
		{A66E47A9-FDB7-4383-8136-9C3CFB193C36}.Debug|x86.Build.0 = Debug|Win32
		{A66E47A9-FDB7-4383-8136-9C3CFB193C36}.Release|x64.ActiveCfg = Release|x64
		{A66E47A9-FDB7-4383-8136-9C3CFB193C36}.Release|x64.Build.0 = Release|x64
		{A66E47A9-FDB7-4383-8136-9C3CFB193C36}.Release|x86.ActiveCfg = Release|Win32
		{A66E47A9-FDB7-4383-8136-9C3CFB193C36}.Release|x86.Build.0 = Release|Win32
		{09EE2C35-A443-4711-B9B1-46610A238874}.Debug|x64.ActiveCfg = Debug|x64
		{09EE2C35-A443-4711-B9B1-46610A238874}.Debug|x64.Build.0 = Debug|x64
		{09EE2C35-A443-4711-B9B1-46610A238874}.Debug|x86.ActiveCfg = Debug|Win32
		{09EE2C35-A443-4711-B9B1-46610A238874}.Debug|x86.Build.0 = Debug|Win32
		{09EE2C35-A443-4711-B9B1-46610A238874}.Release|x64.ActiveCfg = Release|x64
		{09EE2C35-A443-4711-B9B1-46610A238874}.Release|x64.Build.0 = Release|x64
		{09EE2C35-A443-4711-B9B1-46610A238874}.Release|x86.ActiveCfg = Release|Win32
		{09EE2C35-A443-4711-B9B1-46610A238874}.Release|x86.Build.0 = Release|Win32
	EndGlobalSection
	GlobalSection(SolutionProperties) = preSolution
		HideSolutionNode = FALSE
	EndGlobalSection
EndGlobal
